
Microsoft Visual Studio Solution File, Format Version 12.00
# Visual Studio Version 16
VisualStudioVersion = 16.0.31205.134
MinimumVisualStudioVersion = 10.0.40219.1
Project("{FAE04EC0-301F-11D3-BF4B-00C04F79EFBC}") = "WiX-Test3-Klassen", "WiX-Test3-Klassen\WiX-Test3-Klassen.csproj", "{73AB582F-F409-4A7B-9FC5-D86C48C59EA4}"
EndProject
Global
	GlobalSection(SolutionConfigurationPlatforms) = preSolution
		Debug|Any CPU = Debug|Any CPU
		Release|Any CPU = Release|Any CPU
	EndGlobalSection
	GlobalSection(ProjectConfigurationPlatforms) = postSolution
		{73AB582F-F409-4A7B-9FC5-D86C48C59EA4}.Debug|Any CPU.ActiveCfg = Debug|Any CPU
		{73AB582F-F409-4A7B-9FC5-D86C48C59EA4}.Debug|Any CPU.Build.0 = Debug|Any CPU
		{73AB582F-F409-4A7B-9FC5-D86C48C59EA4}.Release|Any CPU.ActiveCfg = Release|Any CPU
		{73AB582F-F409-4A7B-9FC5-D86C48C59EA4}.Release|Any CPU.Build.0 = Release|Any CPU
	EndGlobalSection
	GlobalSection(SolutionProperties) = preSolution
		HideSolutionNode = FALSE
	EndGlobalSection
	GlobalSection(ExtensibilityGlobals) = postSolution
		EnterpriseLibraryConfigurationToolBinariesPath = packages\Unity.2.1.505.0\lib\NET35
		EnterpriseLibraryConfigurationToolBinariesPathV6 = packages\EnterpriseLibrary.Common.6.0.1304.0\lib\NET45
		SolutionGuid = {92933BB3-A615-4DFF-85B6-582B659070EE}
	EndGlobalSection
EndGlobal
